// !$*UTF8*$!
{
	archiveVersion = 1;
	classes = {
	};
	objectVersion = 50;
	objects = {

/* Begin PBXBuildFile section */
		C019016221562FC900F47F09 /* CXTableViewAnimationsKit.m in Sources */ = {isa = PBXBuildFile; fileRef = C019016121562FC900F47F09 /* CXTableViewAnimationsKit.m */; };
		C0190168215630B900F47F09 /* CXShowAnimationViewController.m in Sources */ = {isa = PBXBuildFile; fileRef = C0190167215630B900F47F09 /* CXShowAnimationViewController.m */; };
		C01D2D96215B6AA800557FE0 /* CXMenuButton.m in Sources */ = {isa = PBXBuildFile; fileRef = C01D2D95215B6AA800557FE0 /* CXMenuButton.m */; };
		C0679F432157959600C2DE7B /* UIView+SDAutoLayout.m in Sources */ = {isa = PBXBuildFile; fileRef = C0679F3E2157959600C2DE7B /* UIView+SDAutoLayout.m */; };
		C0679F442157959600C2DE7B /* UITableView+SDAutoTableViewCellHeight.m in Sources */ = {isa = PBXBuildFile; fileRef = C0679F412157959600C2DE7B /* UITableView+SDAutoTableViewCellHeight.m */; };
		C06C61FE215A2C83006AAD91 /* CXMenuCellViewController.m in Sources */ = {isa = PBXBuildFile; fileRef = C06C61FD215A2C83006AAD91 /* CXMenuCellViewController.m */; };
		C06C6205215A2F76006AAD91 /* CXMenuItemModel.m in Sources */ = {isa = PBXBuildFile; fileRef = C06C6204215A2F76006AAD91 /* CXMenuItemModel.m */; };
		C06C6208215A2F95006AAD91 /* CXMenuCellModel.m in Sources */ = {isa = PBXBuildFile; fileRef = C06C6207215A2F95006AAD91 /* CXMenuCellModel.m */; };
		C06C620C215A3910006AAD91 /* CXMenuCell.m in Sources */ = {isa = PBXBuildFile; fileRef = C06C620B215A3910006AAD91 /* CXMenuCell.m */; };
		C0A3BF59215513A700C4C6AF /* AppDelegate.m in Sources */ = {isa = PBXBuildFile; fileRef = C0A3BF58215513A700C4C6AF /* AppDelegate.m */; };
		C0A3BF5C215513A700C4C6AF /* ViewController.m in Sources */ = {isa = PBXBuildFile; fileRef = C0A3BF5B215513A700C4C6AF /* ViewController.m */; };
		C0A3BF5F215513A700C4C6AF /* Main.storyboard in Resources */ = {isa = PBXBuildFile; fileRef = C0A3BF5D215513A700C4C6AF /* Main.storyboard */; };
		C0A3BF61215513A900C4C6AF /* Assets.xcassets in Resources */ = {isa = PBXBuildFile; fileRef = C0A3BF60215513A900C4C6AF /* Assets.xcassets */; };
		C0A3BF64215513A900C4C6AF /* LaunchScreen.storyboard in Resources */ = {isa = PBXBuildFile; fileRef = C0A3BF62215513A900C4C6AF /* LaunchScreen.storyboard */; };
		C0A3BF67215513A900C4C6AF /* main.m in Sources */ = {isa = PBXBuildFile; fileRef = C0A3BF66215513A900C4C6AF /* main.m */; };
		C0A3BF6F2155219400C4C6AF /* CXBaseCellViewController.m in Sources */ = {isa = PBXBuildFile; fileRef = C0A3BF6E2155219400C4C6AF /* CXBaseCellViewController.m */; };
		C0A3BF72215521A700C4C6AF /* CXAnimationCellViewController.m in Sources */ = {isa = PBXBuildFile; fileRef = C0A3BF71215521A700C4C6AF /* CXAnimationCellViewController.m */; };
		C0A49F1F21B9183300E57897 /* CXCardListViewController.m in Sources */ = {isa = PBXBuildFile; fileRef = C0A49F1D21B9183300E57897 /* CXCardListViewController.m */; };
		C0A49F2421B9188700E57897 /* CXCardListCell.m in Sources */ = {isa = PBXBuildFile; fileRef = C0A49F2321B9188700E57897 /* CXCardListCell.m */; };
		C0CF258E21BE08F200ED2154 /* TABMethod.m in Sources */ = {isa = PBXBuildFile; fileRef = C0CF257E21BE08F200ED2154 /* TABMethod.m */; };
		C0CF258F21BE08F200ED2154 /* UICollectionViewCell+Animated.m in Sources */ = {isa = PBXBuildFile; fileRef = C0CF257F21BE08F200ED2154 /* UICollectionViewCell+Animated.m */; };
		C0CF259021BE08F200ED2154 /* UITableView+Animated.m in Sources */ = {isa = PBXBuildFile; fileRef = C0CF258021BE08F200ED2154 /* UITableView+Animated.m */; };
		C0CF259121BE08F200ED2154 /* TABViewAnimated.m in Sources */ = {isa = PBXBuildFile; fileRef = C0CF258121BE08F200ED2154 /* TABViewAnimated.m */; };
		C0CF259221BE08F200ED2154 /* UIView+Animated.m in Sources */ = {isa = PBXBuildFile; fileRef = C0CF258321BE08F200ED2154 /* UIView+Animated.m */; };
		C0CF259321BE08F200ED2154 /* UICollectionView+Animated.m in Sources */ = {isa = PBXBuildFile; fileRef = C0CF258421BE08F200ED2154 /* UICollectionView+Animated.m */; };
		C0CF259421BE08F200ED2154 /* UIView+TABLayerout.m in Sources */ = {isa = PBXBuildFile; fileRef = C0CF258721BE08F200ED2154 /* UIView+TABLayerout.m */; };
		C0CF259521BE08F200ED2154 /* UITableViewCell+Animated.m in Sources */ = {isa = PBXBuildFile; fileRef = C0CF258C21BE08F200ED2154 /* UITableViewCell+Animated.m */; };
		C0CF259821BE0B3200ED2154 /* CXLoadAnimationViewController.m in Sources */ = {isa = PBXBuildFile; fileRef = C0CF259721BE0B3200ED2154 /* CXLoadAnimationViewController.m */; };
		C0CF259C21BE12C500ED2154 /* CXLoadAnimationCell.m in Sources */ = {isa = PBXBuildFile; fileRef = C0CF259B21BE12C500ED2154 /* CXLoadAnimationCell.m */; };
		C0CF259F21BE432700ED2154 /* CXLoadAnimationMode.m in Sources */ = {isa = PBXBuildFile; fileRef = C0CF259E21BE432700ED2154 /* CXLoadAnimationMode.m */; };
		C0D0AC5A21BA1BA4007C47C1 /* NSLayoutConstraint+MASDebugAdditions.m in Sources */ = {isa = PBXBuildFile; fileRef = C0D0AC4221BA1BA4007C47C1 /* NSLayoutConstraint+MASDebugAdditions.m */; };
		C0D0AC5B21BA1BA4007C47C1 /* ViewController+MASAdditions.m in Sources */ = {isa = PBXBuildFile; fileRef = C0D0AC4B21BA1BA4007C47C1 /* ViewController+MASAdditions.m */; };
		C0D0AC5C21BA1BA4007C47C1 /* MASCompositeConstraint.m in Sources */ = {isa = PBXBuildFile; fileRef = C0D0AC4F21BA1BA4007C47C1 /* MASCompositeConstraint.m */; };
		C0D0AC5D21BA1BA4007C47C1 /* MASConstraintMaker.m in Sources */ = {isa = PBXBuildFile; fileRef = C0D0AC5021BA1BA4007C47C1 /* MASConstraintMaker.m */; };
		C0D0AC5E21BA1BA4007C47C1 /* MASLayoutConstraint.m in Sources */ = {isa = PBXBuildFile; fileRef = C0D0AC5121BA1BA4007C47C1 /* MASLayoutConstraint.m */; };
		C0D0AC5F21BA1BA4007C47C1 /* NSArray+MASAdditions.m in Sources */ = {isa = PBXBuildFile; fileRef = C0D0AC5221BA1BA4007C47C1 /* NSArray+MASAdditions.m */; };
		C0D0AC6021BA1BA4007C47C1 /* View+MASAdditions.m in Sources */ = {isa = PBXBuildFile; fileRef = C0D0AC5321BA1BA4007C47C1 /* View+MASAdditions.m */; };
		C0D0AC6121BA1BA4007C47C1 /* MASConstraint.m in Sources */ = {isa = PBXBuildFile; fileRef = C0D0AC5621BA1BA4007C47C1 /* MASConstraint.m */; };
		C0D0AC6221BA1BA4007C47C1 /* MASViewConstraint.m in Sources */ = {isa = PBXBuildFile; fileRef = C0D0AC5821BA1BA4007C47C1 /* MASViewConstraint.m */; };
		C0D0AC6321BA1BA4007C47C1 /* MASViewAttribute.m in Sources */ = {isa = PBXBuildFile; fileRef = C0D0AC5921BA1BA4007C47C1 /* MASViewAttribute.m */; };
		C0FF635C2181AC0900D322A1 /* CXAdaptHeightTwoViewController.m in Sources */ = {isa = PBXBuildFile; fileRef = C0FF635B2181AC0900D322A1 /* CXAdaptHeightTwoViewController.m */; };
		C0FF635F2181AC9200D322A1 /* CXAdaptHeightOneViewController.m in Sources */ = {isa = PBXBuildFile; fileRef = C0FF635E2181AC9200D322A1 /* CXAdaptHeightOneViewController.m */; };
		C0FF63622181ACC600D322A1 /* CXOneCell.m in Sources */ = {isa = PBXBuildFile; fileRef = C0FF63612181ACC600D322A1 /* CXOneCell.m */; };
		C0FF63652181ACE900D322A1 /* CXOneModel.m in Sources */ = {isa = PBXBuildFile; fileRef = C0FF63642181ACE900D322A1 /* CXOneModel.m */; };
		C0FF63692181AEBA00D322A1 /* CXTwoModel.m in Sources */ = {isa = PBXBuildFile; fileRef = C0FF63682181AEBA00D322A1 /* CXTwoModel.m */; };
		C0FF636C2181AECF00D322A1 /* CXTwoCell.m in Sources */ = {isa = PBXBuildFile; fileRef = C0FF636B2181AECF00D322A1 /* CXTwoCell.m */; };
		C0FF636F2181AFB800D322A1 /* NSString+StringSize.m in Sources */ = {isa = PBXBuildFile; fileRef = C0FF636E2181AFB800D322A1 /* NSString+StringSize.m */; };
/* End PBXBuildFile section */

/* Begin PBXFileReference section */
		C019016021562FC900F47F09 /* CXTableViewAnimationsKit.h */ = {isa = PBXFileReference; lastKnownFileType = sourcecode.c.h; path = CXTableViewAnimationsKit.h; sourceTree = "<group>"; };
		C019016121562FC900F47F09 /* CXTableViewAnimationsKit.m */ = {isa = PBXFileReference; lastKnownFileType = sourcecode.c.objc; path = CXTableViewAnimationsKit.m; sourceTree = "<group>"; };
		C0190166215630B900F47F09 /* CXShowAnimationViewController.h */ = {isa = PBXFileReference; lastKnownFileType = sourcecode.c.h; path = CXShowAnimationViewController.h; sourceTree = "<group>"; };
		C0190167215630B900F47F09 /* CXShowAnimationViewController.m */ = {isa = PBXFileReference; lastKnownFileType = sourcecode.c.objc; path = CXShowAnimationViewController.m; sourceTree = "<group>"; };
		C01D2D94215B6AA800557FE0 /* CXMenuButton.h */ = {isa = PBXFileReference; lastKnownFileType = sourcecode.c.h; path = CXMenuButton.h; sourceTree = "<group>"; };
		C01D2D95215B6AA800557FE0 /* CXMenuButton.m */ = {isa = PBXFileReference; lastKnownFileType = sourcecode.c.objc; path = CXMenuButton.m; sourceTree = "<group>"; };
		C0679F3E2157959600C2DE7B /* UIView+SDAutoLayout.m */ = {isa = PBXFileReference; fileEncoding = 4; lastKnownFileType = sourcecode.c.objc; path = "UIView+SDAutoLayout.m"; sourceTree = "<group>"; };
		C0679F3F2157959600C2DE7B /* UITableView+SDAutoTableViewCellHeight.h */ = {isa = PBXFileReference; fileEncoding = 4; lastKnownFileType = sourcecode.c.h; path = "UITableView+SDAutoTableViewCellHeight.h"; sourceTree = "<group>"; };
		C0679F402157959600C2DE7B /* SDAutoLayout.h */ = {isa = PBXFileReference; fileEncoding = 4; lastKnownFileType = sourcecode.c.h; path = SDAutoLayout.h; sourceTree = "<group>"; };
		C0679F412157959600C2DE7B /* UITableView+SDAutoTableViewCellHeight.m */ = {isa = PBXFileReference; fileEncoding = 4; lastKnownFileType = sourcecode.c.objc; path = "UITableView+SDAutoTableViewCellHeight.m"; sourceTree = "<group>"; };
		C0679F422157959600C2DE7B /* UIView+SDAutoLayout.h */ = {isa = PBXFileReference; fileEncoding = 4; lastKnownFileType = sourcecode.c.h; path = "UIView+SDAutoLayout.h"; sourceTree = "<group>"; };
		C06C61FC215A2C83006AAD91 /* CXMenuCellViewController.h */ = {isa = PBXFileReference; lastKnownFileType = sourcecode.c.h; path = CXMenuCellViewController.h; sourceTree = "<group>"; };
		C06C61FD215A2C83006AAD91 /* CXMenuCellViewController.m */ = {isa = PBXFileReference; lastKnownFileType = sourcecode.c.objc; path = CXMenuCellViewController.m; sourceTree = "<group>"; };
		C06C6203215A2F76006AAD91 /* CXMenuItemModel.h */ = {isa = PBXFileReference; lastKnownFileType = sourcecode.c.h; path = CXMenuItemModel.h; sourceTree = "<group>"; };
		C06C6204215A2F76006AAD91 /* CXMenuItemModel.m */ = {isa = PBXFileReference; lastKnownFileType = sourcecode.c.objc; path = CXMenuItemModel.m; sourceTree = "<group>"; };
		C06C6206215A2F95006AAD91 /* CXMenuCellModel.h */ = {isa = PBXFileReference; lastKnownFileType = sourcecode.c.h; path = CXMenuCellModel.h; sourceTree = "<group>"; };
		C06C6207215A2F95006AAD91 /* CXMenuCellModel.m */ = {isa = PBXFileReference; lastKnownFileType = sourcecode.c.objc; path = CXMenuCellModel.m; sourceTree = "<group>"; };
		C06C620A215A3910006AAD91 /* CXMenuCell.h */ = {isa = PBXFileReference; lastKnownFileType = sourcecode.c.h; path = CXMenuCell.h; sourceTree = "<group>"; };
		C06C620B215A3910006AAD91 /* CXMenuCell.m */ = {isa = PBXFileReference; lastKnownFileType = sourcecode.c.objc; path = CXMenuCell.m; sourceTree = "<group>"; };
		C0A3BF54215513A700C4C6AF /* CXTableView.app */ = {isa = PBXFileReference; explicitFileType = wrapper.application; includeInIndex = 0; path = CXTableView.app; sourceTree = BUILT_PRODUCTS_DIR; };
		C0A3BF57215513A700C4C6AF /* AppDelegate.h */ = {isa = PBXFileReference; lastKnownFileType = sourcecode.c.h; path = AppDelegate.h; sourceTree = "<group>"; };
		C0A3BF58215513A700C4C6AF /* AppDelegate.m */ = {isa = PBXFileReference; lastKnownFileType = sourcecode.c.objc; path = AppDelegate.m; sourceTree = "<group>"; };
		C0A3BF5A215513A700C4C6AF /* ViewController.h */ = {isa = PBXFileReference; lastKnownFileType = sourcecode.c.h; path = ViewController.h; sourceTree = "<group>"; };
		C0A3BF5B215513A700C4C6AF /* ViewController.m */ = {isa = PBXFileReference; lastKnownFileType = sourcecode.c.objc; path = ViewController.m; sourceTree = "<group>"; };
		C0A3BF5E215513A700C4C6AF /* Base */ = {isa = PBXFileReference; lastKnownFileType = file.storyboard; name = Base; path = Base.lproj/Main.storyboard; sourceTree = "<group>"; };
		C0A3BF60215513A900C4C6AF /* Assets.xcassets */ = {isa = PBXFileReference; lastKnownFileType = folder.assetcatalog; path = Assets.xcassets; sourceTree = "<group>"; };
		C0A3BF63215513A900C4C6AF /* Base */ = {isa = PBXFileReference; lastKnownFileType = file.storyboard; name = Base; path = Base.lproj/LaunchScreen.storyboard; sourceTree = "<group>"; };
		C0A3BF65215513A900C4C6AF /* Info.plist */ = {isa = PBXFileReference; lastKnownFileType = text.plist.xml; path = Info.plist; sourceTree = "<group>"; };
		C0A3BF66215513A900C4C6AF /* main.m */ = {isa = PBXFileReference; lastKnownFileType = sourcecode.c.objc; path = main.m; sourceTree = "<group>"; };
		C0A3BF6D2155219400C4C6AF /* CXBaseCellViewController.h */ = {isa = PBXFileReference; lastKnownFileType = sourcecode.c.h; path = CXBaseCellViewController.h; sourceTree = "<group>"; };
		C0A3BF6E2155219400C4C6AF /* CXBaseCellViewController.m */ = {isa = PBXFileReference; lastKnownFileType = sourcecode.c.objc; path = CXBaseCellViewController.m; sourceTree = "<group>"; };
		C0A3BF70215521A700C4C6AF /* CXAnimationCellViewController.h */ = {isa = PBXFileReference; lastKnownFileType = sourcecode.c.h; path = CXAnimationCellViewController.h; sourceTree = "<group>"; };
		C0A3BF71215521A700C4C6AF /* CXAnimationCellViewController.m */ = {isa = PBXFileReference; lastKnownFileType = sourcecode.c.objc; path = CXAnimationCellViewController.m; sourceTree = "<group>"; };
		C0A49F1D21B9183300E57897 /* CXCardListViewController.m */ = {isa = PBXFileReference; fileEncoding = 4; lastKnownFileType = sourcecode.c.objc; path = CXCardListViewController.m; sourceTree = "<group>"; };
		C0A49F1E21B9183300E57897 /* CXCardListViewController.h */ = {isa = PBXFileReference; fileEncoding = 4; lastKnownFileType = sourcecode.c.h; path = CXCardListViewController.h; sourceTree = "<group>"; };
		C0A49F2221B9188700E57897 /* CXCardListCell.h */ = {isa = PBXFileReference; lastKnownFileType = sourcecode.c.h; path = CXCardListCell.h; sourceTree = "<group>"; };
		C0A49F2321B9188700E57897 /* CXCardListCell.m */ = {isa = PBXFileReference; lastKnownFileType = sourcecode.c.objc; path = CXCardListCell.m; sourceTree = "<group>"; };
		C0CF257D21BE08F200ED2154 /* UIView+TABLayerout.h */ = {isa = PBXFileReference; fileEncoding = 4; lastKnownFileType = sourcecode.c.h; path = "UIView+TABLayerout.h"; sourceTree = "<group>"; };
		C0CF257E21BE08F200ED2154 /* TABMethod.m */ = {isa = PBXFileReference; fileEncoding = 4; lastKnownFileType = sourcecode.c.objc; path = TABMethod.m; sourceTree = "<group>"; };
		C0CF257F21BE08F200ED2154 /* UICollectionViewCell+Animated.m */ = {isa = PBXFileReference; fileEncoding = 4; lastKnownFileType = sourcecode.c.objc; path = "UICollectionViewCell+Animated.m"; sourceTree = "<group>"; };
		C0CF258021BE08F200ED2154 /* UITableView+Animated.m */ = {isa = PBXFileReference; fileEncoding = 4; lastKnownFileType = sourcecode.c.objc; path = "UITableView+Animated.m"; sourceTree = "<group>"; };
		C0CF258121BE08F200ED2154 /* TABViewAnimated.m */ = {isa = PBXFileReference; fileEncoding = 4; lastKnownFileType = sourcecode.c.objc; path = TABViewAnimated.m; sourceTree = "<group>"; };
		C0CF258221BE08F200ED2154 /* UITableViewCell+Animated.h */ = {isa = PBXFileReference; fileEncoding = 4; lastKnownFileType = sourcecode.c.h; path = "UITableViewCell+Animated.h"; sourceTree = "<group>"; };
		C0CF258321BE08F200ED2154 /* UIView+Animated.m */ = {isa = PBXFileReference; fileEncoding = 4; lastKnownFileType = sourcecode.c.objc; path = "UIView+Animated.m"; sourceTree = "<group>"; };
		C0CF258421BE08F200ED2154 /* UICollectionView+Animated.m */ = {isa = PBXFileReference; fileEncoding = 4; lastKnownFileType = sourcecode.c.objc; path = "UICollectionView+Animated.m"; sourceTree = "<group>"; };
		C0CF258521BE08F200ED2154 /* UICollectionViewCell+Animated.h */ = {isa = PBXFileReference; fileEncoding = 4; lastKnownFileType = sourcecode.c.h; path = "UICollectionViewCell+Animated.h"; sourceTree = "<group>"; };
		C0CF258621BE08F200ED2154 /* TABMethod.h */ = {isa = PBXFileReference; fileEncoding = 4; lastKnownFileType = sourcecode.c.h; path = TABMethod.h; sourceTree = "<group>"; };
		C0CF258721BE08F200ED2154 /* UIView+TABLayerout.m */ = {isa = PBXFileReference; fileEncoding = 4; lastKnownFileType = sourcecode.c.objc; path = "UIView+TABLayerout.m"; sourceTree = "<group>"; };
		C0CF258821BE08F200ED2154 /* UITableView+Animated.h */ = {isa = PBXFileReference; fileEncoding = 4; lastKnownFileType = sourcecode.c.h; path = "UITableView+Animated.h"; sourceTree = "<group>"; };
		C0CF258921BE08F200ED2154 /* TABAnimated.h */ = {isa = PBXFileReference; fileEncoding = 4; lastKnownFileType = sourcecode.c.h; path = TABAnimated.h; sourceTree = "<group>"; };
		C0CF258A21BE08F200ED2154 /* UIView+Animated.h */ = {isa = PBXFileReference; fileEncoding = 4; lastKnownFileType = sourcecode.c.h; path = "UIView+Animated.h"; sourceTree = "<group>"; };
		C0CF258B21BE08F200ED2154 /* TABViewAnimated.h */ = {isa = PBXFileReference; fileEncoding = 4; lastKnownFileType = sourcecode.c.h; path = TABViewAnimated.h; sourceTree = "<group>"; };
		C0CF258C21BE08F200ED2154 /* UITableViewCell+Animated.m */ = {isa = PBXFileReference; fileEncoding = 4; lastKnownFileType = sourcecode.c.objc; path = "UITableViewCell+Animated.m"; sourceTree = "<group>"; };
		C0CF258D21BE08F200ED2154 /* UICollectionView+Animated.h */ = {isa = PBXFileReference; fileEncoding = 4; lastKnownFileType = sourcecode.c.h; path = "UICollectionView+Animated.h"; sourceTree = "<group>"; };
		C0CF259621BE0B3200ED2154 /* CXLoadAnimationViewController.h */ = {isa = PBXFileReference; lastKnownFileType = sourcecode.c.h; path = CXLoadAnimationViewController.h; sourceTree = "<group>"; };
		C0CF259721BE0B3200ED2154 /* CXLoadAnimationViewController.m */ = {isa = PBXFileReference; lastKnownFileType = sourcecode.c.objc; path = CXLoadAnimationViewController.m; sourceTree = "<group>"; };
		C0CF259A21BE12C500ED2154 /* CXLoadAnimationCell.h */ = {isa = PBXFileReference; lastKnownFileType = sourcecode.c.h; path = CXLoadAnimationCell.h; sourceTree = "<group>"; };
		C0CF259B21BE12C500ED2154 /* CXLoadAnimationCell.m */ = {isa = PBXFileReference; lastKnownFileType = sourcecode.c.objc; path = CXLoadAnimationCell.m; sourceTree = "<group>"; };
		C0CF259D21BE432700ED2154 /* CXLoadAnimationMode.h */ = {isa = PBXFileReference; lastKnownFileType = sourcecode.c.h; path = CXLoadAnimationMode.h; sourceTree = "<group>"; };
		C0CF259E21BE432700ED2154 /* CXLoadAnimationMode.m */ = {isa = PBXFileReference; lastKnownFileType = sourcecode.c.objc; path = CXLoadAnimationMode.m; sourceTree = "<group>"; };
		C0D0AC4121BA1BA4007C47C1 /* MASCompositeConstraint.h */ = {isa = PBXFileReference; fileEncoding = 4; lastKnownFileType = sourcecode.c.h; path = MASCompositeConstraint.h; sourceTree = "<group>"; };
		C0D0AC4221BA1BA4007C47C1 /* NSLayoutConstraint+MASDebugAdditions.m */ = {isa = PBXFileReference; fileEncoding = 4; lastKnownFileType = sourcecode.c.objc; path = "NSLayoutConstraint+MASDebugAdditions.m"; sourceTree = "<group>"; };
		C0D0AC4321BA1BA4007C47C1 /* MASConstraint+Private.h */ = {isa = PBXFileReference; fileEncoding = 4; lastKnownFileType = sourcecode.c.h; path = "MASConstraint+Private.h"; sourceTree = "<group>"; };
		C0D0AC4421BA1BA4007C47C1 /* MASLayoutConstraint.h */ = {isa = PBXFileReference; fileEncoding = 4; lastKnownFileType = sourcecode.c.h; path = MASLayoutConstraint.h; sourceTree = "<group>"; };
		C0D0AC4521BA1BA4007C47C1 /* NSArray+MASShorthandAdditions.h */ = {isa = PBXFileReference; fileEncoding = 4; lastKnownFileType = sourcecode.c.h; path = "NSArray+MASShorthandAdditions.h"; sourceTree = "<group>"; };
		C0D0AC4621BA1BA4007C47C1 /* MASConstraintMaker.h */ = {isa = PBXFileReference; fileEncoding = 4; lastKnownFileType = sourcecode.c.h; path = MASConstraintMaker.h; sourceTree = "<group>"; };
		C0D0AC4721BA1BA4007C47C1 /* View+MASAdditions.h */ = {isa = PBXFileReference; fileEncoding = 4; lastKnownFileType = sourcecode.c.h; path = "View+MASAdditions.h"; sourceTree = "<group>"; };
		C0D0AC4821BA1BA4007C47C1 /* NSArray+MASAdditions.h */ = {isa = PBXFileReference; fileEncoding = 4; lastKnownFileType = sourcecode.c.h; path = "NSArray+MASAdditions.h"; sourceTree = "<group>"; };
		C0D0AC4921BA1BA4007C47C1 /* MASUtilities.h */ = {isa = PBXFileReference; fileEncoding = 4; lastKnownFileType = sourcecode.c.h; path = MASUtilities.h; sourceTree = "<group>"; };
		C0D0AC4A21BA1BA4007C47C1 /* MASViewAttribute.h */ = {isa = PBXFileReference; fileEncoding = 4; lastKnownFileType = sourcecode.c.h; path = MASViewAttribute.h; sourceTree = "<group>"; };
		C0D0AC4B21BA1BA4007C47C1 /* ViewController+MASAdditions.m */ = {isa = PBXFileReference; fileEncoding = 4; lastKnownFileType = sourcecode.c.objc; path = "ViewController+MASAdditions.m"; sourceTree = "<group>"; };
		C0D0AC4C21BA1BA4007C47C1 /* MASViewConstraint.h */ = {isa = PBXFileReference; fileEncoding = 4; lastKnownFileType = sourcecode.c.h; path = MASViewConstraint.h; sourceTree = "<group>"; };
		C0D0AC4D21BA1BA4007C47C1 /* MASConstraint.h */ = {isa = PBXFileReference; fileEncoding = 4; lastKnownFileType = sourcecode.c.h; path = MASConstraint.h; sourceTree = "<group>"; };
		C0D0AC4E21BA1BA4007C47C1 /* NSLayoutConstraint+MASDebugAdditions.h */ = {isa = PBXFileReference; fileEncoding = 4; lastKnownFileType = sourcecode.c.h; path = "NSLayoutConstraint+MASDebugAdditions.h"; sourceTree = "<group>"; };
		C0D0AC4F21BA1BA4007C47C1 /* MASCompositeConstraint.m */ = {isa = PBXFileReference; fileEncoding = 4; lastKnownFileType = sourcecode.c.objc; path = MASCompositeConstraint.m; sourceTree = "<group>"; };
		C0D0AC5021BA1BA4007C47C1 /* MASConstraintMaker.m */ = {isa = PBXFileReference; fileEncoding = 4; lastKnownFileType = sourcecode.c.objc; path = MASConstraintMaker.m; sourceTree = "<group>"; };
		C0D0AC5121BA1BA4007C47C1 /* MASLayoutConstraint.m */ = {isa = PBXFileReference; fileEncoding = 4; lastKnownFileType = sourcecode.c.objc; path = MASLayoutConstraint.m; sourceTree = "<group>"; };
		C0D0AC5221BA1BA4007C47C1 /* NSArray+MASAdditions.m */ = {isa = PBXFileReference; fileEncoding = 4; lastKnownFileType = sourcecode.c.objc; path = "NSArray+MASAdditions.m"; sourceTree = "<group>"; };
		C0D0AC5321BA1BA4007C47C1 /* View+MASAdditions.m */ = {isa = PBXFileReference; fileEncoding = 4; lastKnownFileType = sourcecode.c.objc; path = "View+MASAdditions.m"; sourceTree = "<group>"; };
		C0D0AC5421BA1BA4007C47C1 /* View+MASShorthandAdditions.h */ = {isa = PBXFileReference; fileEncoding = 4; lastKnownFileType = sourcecode.c.h; path = "View+MASShorthandAdditions.h"; sourceTree = "<group>"; };
		C0D0AC5521BA1BA4007C47C1 /* Masonry.h */ = {isa = PBXFileReference; fileEncoding = 4; lastKnownFileType = sourcecode.c.h; path = Masonry.h; sourceTree = "<group>"; };
		C0D0AC5621BA1BA4007C47C1 /* MASConstraint.m */ = {isa = PBXFileReference; fileEncoding = 4; lastKnownFileType = sourcecode.c.objc; path = MASConstraint.m; sourceTree = "<group>"; };
		C0D0AC5721BA1BA4007C47C1 /* ViewController+MASAdditions.h */ = {isa = PBXFileReference; fileEncoding = 4; lastKnownFileType = sourcecode.c.h; path = "ViewController+MASAdditions.h"; sourceTree = "<group>"; };
		C0D0AC5821BA1BA4007C47C1 /* MASViewConstraint.m */ = {isa = PBXFileReference; fileEncoding = 4; lastKnownFileType = sourcecode.c.objc; path = MASViewConstraint.m; sourceTree = "<group>"; };
		C0D0AC5921BA1BA4007C47C1 /* MASViewAttribute.m */ = {isa = PBXFileReference; fileEncoding = 4; lastKnownFileType = sourcecode.c.objc; path = MASViewAttribute.m; sourceTree = "<group>"; };
		C0FF635A2181AC0900D322A1 /* CXAdaptHeightTwoViewController.h */ = {isa = PBXFileReference; lastKnownFileType = sourcecode.c.h; path = CXAdaptHeightTwoViewController.h; sourceTree = "<group>"; };
		C0FF635B2181AC0900D322A1 /* CXAdaptHeightTwoViewController.m */ = {isa = PBXFileReference; lastKnownFileType = sourcecode.c.objc; path = CXAdaptHeightTwoViewController.m; sourceTree = "<group>"; };
		C0FF635D2181AC9200D322A1 /* CXAdaptHeightOneViewController.h */ = {isa = PBXFileReference; lastKnownFileType = sourcecode.c.h; path = CXAdaptHeightOneViewController.h; sourceTree = "<group>"; };
		C0FF635E2181AC9200D322A1 /* CXAdaptHeightOneViewController.m */ = {isa = PBXFileReference; lastKnownFileType = sourcecode.c.objc; path = CXAdaptHeightOneViewController.m; sourceTree = "<group>"; };
		C0FF63602181ACC600D322A1 /* CXOneCell.h */ = {isa = PBXFileReference; lastKnownFileType = sourcecode.c.h; path = CXOneCell.h; sourceTree = "<group>"; };
		C0FF63612181ACC600D322A1 /* CXOneCell.m */ = {isa = PBXFileReference; lastKnownFileType = sourcecode.c.objc; path = CXOneCell.m; sourceTree = "<group>"; };
		C0FF63632181ACE900D322A1 /* CXOneModel.h */ = {isa = PBXFileReference; lastKnownFileType = sourcecode.c.h; path = CXOneModel.h; sourceTree = "<group>"; };
		C0FF63642181ACE900D322A1 /* CXOneModel.m */ = {isa = PBXFileReference; lastKnownFileType = sourcecode.c.objc; path = CXOneModel.m; sourceTree = "<group>"; };
		C0FF63672181AEBA00D322A1 /* CXTwoModel.h */ = {isa = PBXFileReference; lastKnownFileType = sourcecode.c.h; path = CXTwoModel.h; sourceTree = "<group>"; };
		C0FF63682181AEBA00D322A1 /* CXTwoModel.m */ = {isa = PBXFileReference; lastKnownFileType = sourcecode.c.objc; path = CXTwoModel.m; sourceTree = "<group>"; };
		C0FF636A2181AECF00D322A1 /* CXTwoCell.h */ = {isa = PBXFileReference; lastKnownFileType = sourcecode.c.h; path = CXTwoCell.h; sourceTree = "<group>"; };
		C0FF636B2181AECF00D322A1 /* CXTwoCell.m */ = {isa = PBXFileReference; lastKnownFileType = sourcecode.c.objc; path = CXTwoCell.m; sourceTree = "<group>"; };
		C0FF636D2181AFB800D322A1 /* NSString+StringSize.h */ = {isa = PBXFileReference; fileEncoding = 4; lastKnownFileType = sourcecode.c.h; path = "NSString+StringSize.h"; sourceTree = "<group>"; };
		C0FF636E2181AFB800D322A1 /* NSString+StringSize.m */ = {isa = PBXFileReference; fileEncoding = 4; lastKnownFileType = sourcecode.c.objc; path = "NSString+StringSize.m"; sourceTree = "<group>"; };
/* End PBXFileReference section */

/* Begin PBXFrameworksBuildPhase section */
		C0A3BF51215513A700C4C6AF /* Frameworks */ = {
			isa = PBXFrameworksBuildPhase;
			buildActionMask = 2147483647;
			files = (
			);
			runOnlyForDeploymentPostprocessing = 0;
		};
/* End PBXFrameworksBuildPhase section */

/* Begin PBXGroup section */
		C019015A21562ABB00F47F09 /* BaseUsing */ = {
			isa = PBXGroup;
			children = (
				C0A3BF6D2155219400C4C6AF /* CXBaseCellViewController.h */,
				C0A3BF6E2155219400C4C6AF /* CXBaseCellViewController.m */,
				C0CF259921BE0B4A00ED2154 /* LoadAnimation */,
				C0A49F2021B9183800E57897 /* CardList */,
				C06C61FF215A2CC3006AAD91 /* MenuCell */,
				C0679F482157BAC500C2DE7B /* AdaptHeightCell */,
			);
			path = BaseUsing;
			sourceTree = "<group>";
		};
		C019015B21562AD600F47F09 /* Animation */ = {
			isa = PBXGroup;
			children = (
				C0A3BF70215521A700C4C6AF /* CXAnimationCellViewController.h */,
				C0A3BF71215521A700C4C6AF /* CXAnimationCellViewController.m */,
				C0190166215630B900F47F09 /* CXShowAnimationViewController.h */,
				C0190167215630B900F47F09 /* CXShowAnimationViewController.m */,
				C0FF63762181B48E00D322A1 /* Model */,
			);
			path = Animation;
			sourceTree = "<group>";
		};
		C0679F3D2157959600C2DE7B /* SDAutoLayout */ = {
			isa = PBXGroup;
			children = (
				C0679F3E2157959600C2DE7B /* UIView+SDAutoLayout.m */,
				C0679F3F2157959600C2DE7B /* UITableView+SDAutoTableViewCellHeight.h */,
				C0679F402157959600C2DE7B /* SDAutoLayout.h */,
				C0679F412157959600C2DE7B /* UITableView+SDAutoTableViewCellHeight.m */,
				C0679F422157959600C2DE7B /* UIView+SDAutoLayout.h */,
			);
			path = SDAutoLayout;
			sourceTree = "<group>";
		};
		C0679F482157BAC500C2DE7B /* AdaptHeightCell */ = {
			isa = PBXGroup;
			children = (
				C0FF63702181B02000D322A1 /* One */,
				C0FF63712181B03B00D322A1 /* Two */,
			);
			path = AdaptHeightCell;
			sourceTree = "<group>";
		};
		C06C61FF215A2CC3006AAD91 /* MenuCell */ = {
			isa = PBXGroup;
			children = (
				C06C61FC215A2C83006AAD91 /* CXMenuCellViewController.h */,
				C06C61FD215A2C83006AAD91 /* CXMenuCellViewController.m */,
				C0A49F2121B9185600E57897 /* V */,
				C06C6209215A38FA006AAD91 /* M */,
			);
			path = MenuCell;
			sourceTree = "<group>";
		};
		C06C6209215A38FA006AAD91 /* M */ = {
			isa = PBXGroup;
			children = (
				C06C6203215A2F76006AAD91 /* CXMenuItemModel.h */,
				C06C6204215A2F76006AAD91 /* CXMenuItemModel.m */,
				C06C6206215A2F95006AAD91 /* CXMenuCellModel.h */,
				C06C6207215A2F95006AAD91 /* CXMenuCellModel.m */,
			);
			path = M;
			sourceTree = "<group>";
		};
		C0A3BF4B215513A700C4C6AF = {
			isa = PBXGroup;
			children = (
				C0A3BF56215513A700C4C6AF /* CXTableView */,
				C0A3BF55215513A700C4C6AF /* Products */,
			);
			sourceTree = "<group>";
		};
		C0A3BF55215513A700C4C6AF /* Products */ = {
			isa = PBXGroup;
			children = (
				C0A3BF54215513A700C4C6AF /* CXTableView.app */,
			);
			name = Products;
			sourceTree = "<group>";
		};
		C0A3BF56215513A700C4C6AF /* CXTableView */ = {
			isa = PBXGroup;
			children = (
				C0A3BF57215513A700C4C6AF /* AppDelegate.h */,
				C0A3BF58215513A700C4C6AF /* AppDelegate.m */,
				C0A3BF5A215513A700C4C6AF /* ViewController.h */,
				C0A3BF5B215513A700C4C6AF /* ViewController.m */,
				C0A3BF5D215513A700C4C6AF /* Main.storyboard */,
				C019015A21562ABB00F47F09 /* BaseUsing */,
				C019015B21562AD600F47F09 /* Animation */,
				C0A3BF60215513A900C4C6AF /* Assets.xcassets */,
				C0FF63752181B0B200D322A1 /* Category */,
				C0CF257B21BE08C200ED2154 /* Venders */,
				C0A3BF62215513A900C4C6AF /* LaunchScreen.storyboard */,
				C0A3BF65215513A900C4C6AF /* Info.plist */,
				C0A3BF66215513A900C4C6AF /* main.m */,
			);
			path = CXTableView;
			sourceTree = "<group>";
		};
		C0A49F2021B9183800E57897 /* CardList */ = {
			isa = PBXGroup;
			children = (
				C0A49F1E21B9183300E57897 /* CXCardListViewController.h */,
				C0A49F1D21B9183300E57897 /* CXCardListViewController.m */,
				C0A49F2221B9188700E57897 /* CXCardListCell.h */,
				C0A49F2321B9188700E57897 /* CXCardListCell.m */,
			);
			path = CardList;
			sourceTree = "<group>";
		};
		C0A49F2121B9185600E57897 /* V */ = {
			isa = PBXGroup;
			children = (
				C06C620A215A3910006AAD91 /* CXMenuCell.h */,
				C06C620B215A3910006AAD91 /* CXMenuCell.m */,
				C01D2D94215B6AA800557FE0 /* CXMenuButton.h */,
				C01D2D95215B6AA800557FE0 /* CXMenuButton.m */,
			);
			name = V;
			sourceTree = "<group>";
		};
		C0CF257B21BE08C200ED2154 /* Venders */ = {
			isa = PBXGroup;
			children = (
				C0CF257C21BE08F200ED2154 /* TABAnimated */,
				C0679F3D2157959600C2DE7B /* SDAutoLayout */,
				C0D0AC4021BA1BA4007C47C1 /* Masonry */,
			);
			path = Venders;
			sourceTree = "<group>";
		};
		C0CF257C21BE08F200ED2154 /* TABAnimated */ = {
			isa = PBXGroup;
			children = (
				C0CF257D21BE08F200ED2154 /* UIView+TABLayerout.h */,
				C0CF257E21BE08F200ED2154 /* TABMethod.m */,
				C0CF257F21BE08F200ED2154 /* UICollectionViewCell+Animated.m */,
				C0CF258021BE08F200ED2154 /* UITableView+Animated.m */,
				C0CF258121BE08F200ED2154 /* TABViewAnimated.m */,
				C0CF258221BE08F200ED2154 /* UITableViewCell+Animated.h */,
				C0CF258321BE08F200ED2154 /* UIView+Animated.m */,
				C0CF258421BE08F200ED2154 /* UICollectionView+Animated.m */,
				C0CF258521BE08F200ED2154 /* UICollectionViewCell+Animated.h */,
				C0CF258621BE08F200ED2154 /* TABMethod.h */,
				C0CF258721BE08F200ED2154 /* UIView+TABLayerout.m */,
				C0CF258821BE08F200ED2154 /* UITableView+Animated.h */,
				C0CF258921BE08F200ED2154 /* TABAnimated.h */,
				C0CF258A21BE08F200ED2154 /* UIView+Animated.h */,
				C0CF258B21BE08F200ED2154 /* TABViewAnimated.h */,
				C0CF258C21BE08F200ED2154 /* UITableViewCell+Animated.m */,
				C0CF258D21BE08F200ED2154 /* UICollectionView+Animated.h */,
			);
			path = TABAnimated;
			sourceTree = "<group>";
		};
		C0CF259921BE0B4A00ED2154 /* LoadAnimation */ = {
			isa = PBXGroup;
			children = (
				C0CF259621BE0B3200ED2154 /* CXLoadAnimationViewController.h */,
				C0CF259721BE0B3200ED2154 /* CXLoadAnimationViewController.m */,
				C0CF259A21BE12C500ED2154 /* CXLoadAnimationCell.h */,
				C0CF259B21BE12C500ED2154 /* CXLoadAnimationCell.m */,
				C0CF259D21BE432700ED2154 /* CXLoadAnimationMode.h */,
				C0CF259E21BE432700ED2154 /* CXLoadAnimationMode.m */,
			);
			path = LoadAnimation;
			sourceTree = "<group>";
		};
		C0D0AC4021BA1BA4007C47C1 /* Masonry */ = {
			isa = PBXGroup;
			children = (
				C0D0AC4121BA1BA4007C47C1 /* MASCompositeConstraint.h */,
				C0D0AC4221BA1BA4007C47C1 /* NSLayoutConstraint+MASDebugAdditions.m */,
				C0D0AC4321BA1BA4007C47C1 /* MASConstraint+Private.h */,
				C0D0AC4421BA1BA4007C47C1 /* MASLayoutConstraint.h */,
				C0D0AC4521BA1BA4007C47C1 /* NSArray+MASShorthandAdditions.h */,
				C0D0AC4621BA1BA4007C47C1 /* MASConstraintMaker.h */,
				C0D0AC4721BA1BA4007C47C1 /* View+MASAdditions.h */,
				C0D0AC4821BA1BA4007C47C1 /* NSArray+MASAdditions.h */,
				C0D0AC4921BA1BA4007C47C1 /* MASUtilities.h */,
				C0D0AC4A21BA1BA4007C47C1 /* MASViewAttribute.h */,
				C0D0AC4B21BA1BA4007C47C1 /* ViewController+MASAdditions.m */,
				C0D0AC4C21BA1BA4007C47C1 /* MASViewConstraint.h */,
				C0D0AC4D21BA1BA4007C47C1 /* MASConstraint.h */,
				C0D0AC4E21BA1BA4007C47C1 /* NSLayoutConstraint+MASDebugAdditions.h */,
				C0D0AC4F21BA1BA4007C47C1 /* MASCompositeConstraint.m */,
				C0D0AC5021BA1BA4007C47C1 /* MASConstraintMaker.m */,
				C0D0AC5121BA1BA4007C47C1 /* MASLayoutConstraint.m */,
				C0D0AC5221BA1BA4007C47C1 /* NSArray+MASAdditions.m */,
				C0D0AC5321BA1BA4007C47C1 /* View+MASAdditions.m */,
				C0D0AC5421BA1BA4007C47C1 /* View+MASShorthandAdditions.h */,
				C0D0AC5521BA1BA4007C47C1 /* Masonry.h */,
				C0D0AC5621BA1BA4007C47C1 /* MASConstraint.m */,
				C0D0AC5721BA1BA4007C47C1 /* ViewController+MASAdditions.h */,
				C0D0AC5821BA1BA4007C47C1 /* MASViewConstraint.m */,
				C0D0AC5921BA1BA4007C47C1 /* MASViewAttribute.m */,
			);
			path = Masonry;
			sourceTree = "<group>";
		};
		C0FF63702181B02000D322A1 /* One */ = {
			isa = PBXGroup;
			children = (
				C0FF635D2181AC9200D322A1 /* CXAdaptHeightOneViewController.h */,
				C0FF635E2181AC9200D322A1 /* CXAdaptHeightOneViewController.m */,
				C0FF63602181ACC600D322A1 /* CXOneCell.h */,
				C0FF63612181ACC600D322A1 /* CXOneCell.m */,
				C0FF63632181ACE900D322A1 /* CXOneModel.h */,
				C0FF63642181ACE900D322A1 /* CXOneModel.m */,
			);
			name = One;
			sourceTree = "<group>";
		};
		C0FF63712181B03B00D322A1 /* Two */ = {
			isa = PBXGroup;
			children = (
				C0FF635A2181AC0900D322A1 /* CXAdaptHeightTwoViewController.h */,
				C0FF635B2181AC0900D322A1 /* CXAdaptHeightTwoViewController.m */,
				C0FF63672181AEBA00D322A1 /* CXTwoModel.h */,
				C0FF63682181AEBA00D322A1 /* CXTwoModel.m */,
				C0FF636A2181AECF00D322A1 /* CXTwoCell.h */,
				C0FF636B2181AECF00D322A1 /* CXTwoCell.m */,
			);
			name = Two;
			sourceTree = "<group>";
		};
		C0FF63752181B0B200D322A1 /* Category */ = {
			isa = PBXGroup;
			children = (
				C0FF636D2181AFB800D322A1 /* NSString+StringSize.h */,
				C0FF636E2181AFB800D322A1 /* NSString+StringSize.m */,
			);
			path = Category;
			sourceTree = "<group>";
		};
		C0FF63762181B48E00D322A1 /* Model */ = {
			isa = PBXGroup;
			children = (
				C019016021562FC900F47F09 /* CXTableViewAnimationsKit.h */,
				C019016121562FC900F47F09 /* CXTableViewAnimationsKit.m */,
			);
			name = Model;
			sourceTree = "<group>";
		};
/* End PBXGroup section */

/* Begin PBXNativeTarget section */
		C0A3BF53215513A700C4C6AF /* CXTableView */ = {
			isa = PBXNativeTarget;
			buildConfigurationList = C0A3BF6A215513A900C4C6AF /* Build configuration list for PBXNativeTarget "CXTableView" */;
			buildPhases = (
				C0A3BF50215513A700C4C6AF /* Sources */,
				C0A3BF51215513A700C4C6AF /* Frameworks */,
				C0A3BF52215513A700C4C6AF /* Resources */,
			);
			buildRules = (
			);
			dependencies = (
			);
			name = CXTableView;
			productName = CXTableView;
			productReference = C0A3BF54215513A700C4C6AF /* CXTableView.app */;
			productType = "com.apple.product-type.application";
		};
/* End PBXNativeTarget section */

/* Begin PBXProject section */
		C0A3BF4C215513A700C4C6AF /* Project object */ = {
			isa = PBXProject;
			attributes = {
				LastUpgradeCheck = 0940;
				ORGANIZATIONNAME = "陈晓辉";
				TargetAttributes = {
					C0A3BF53215513A700C4C6AF = {
						CreatedOnToolsVersion = 9.4.1;
					};
				};
			};
			buildConfigurationList = C0A3BF4F215513A700C4C6AF /* Build configuration list for PBXProject "CXTableView" */;
			compatibilityVersion = "Xcode 9.3";
			developmentRegion = en;
			hasScannedForEncodings = 0;
			knownRegions = (
				en,
				Base,
			);
			mainGroup = C0A3BF4B215513A700C4C6AF;
			productRefGroup = C0A3BF55215513A700C4C6AF /* Products */;
			projectDirPath = "";
			projectRoot = "";
			targets = (
				C0A3BF53215513A700C4C6AF /* CXTableView */,
			);
		};
/* End PBXProject section */

/* Begin PBXResourcesBuildPhase section */
		C0A3BF52215513A700C4C6AF /* Resources */ = {
			isa = PBXResourcesBuildPhase;
			buildActionMask = 2147483647;
			files = (
				C0A3BF64215513A900C4C6AF /* LaunchScreen.storyboard in Resources */,
				C0A3BF61215513A900C4C6AF /* Assets.xcassets in Resources */,
				C0A3BF5F215513A700C4C6AF /* Main.storyboard in Resources */,
			);
			runOnlyForDeploymentPostprocessing = 0;
		};
/* End PBXResourcesBuildPhase section */

/* Begin PBXSourcesBuildPhase section */
		C0A3BF50215513A700C4C6AF /* Sources */ = {
			isa = PBXSourcesBuildPhase;
			buildActionMask = 2147483647;
			files = (
				C0CF259F21BE432700ED2154 /* CXLoadAnimationMode.m in Sources */,
				C0A3BF5C215513A700C4C6AF /* ViewController.m in Sources */,
				C01D2D96215B6AA800557FE0 /* CXMenuButton.m in Sources */,
				C0D0AC6021BA1BA4007C47C1 /* View+MASAdditions.m in Sources */,
				C0CF258F21BE08F200ED2154 /* UICollectionViewCell+Animated.m in Sources */,
				C0D0AC5F21BA1BA4007C47C1 /* NSArray+MASAdditions.m in Sources */,
				C0A49F1F21B9183300E57897 /* CXCardListViewController.m in Sources */,
				C0679F442157959600C2DE7B /* UITableView+SDAutoTableViewCellHeight.m in Sources */,
				C0FF63652181ACE900D322A1 /* CXOneModel.m in Sources */,
				C0CF259521BE08F200ED2154 /* UITableViewCell+Animated.m in Sources */,
				C0CF259021BE08F200ED2154 /* UITableView+Animated.m in Sources */,
				C0679F432157959600C2DE7B /* UIView+SDAutoLayout.m in Sources */,
				C0A3BF67215513A900C4C6AF /* main.m in Sources */,
				C0FF635F2181AC9200D322A1 /* CXAdaptHeightOneViewController.m in Sources */,
				C0D0AC5B21BA1BA4007C47C1 /* ViewController+MASAdditions.m in Sources */,
				C0CF259221BE08F200ED2154 /* UIView+Animated.m in Sources */,
				C0D0AC6221BA1BA4007C47C1 /* MASViewConstraint.m in Sources */,
				C0FF63692181AEBA00D322A1 /* CXTwoModel.m in Sources */,
				C0D0AC5E21BA1BA4007C47C1 /* MASLayoutConstraint.m in Sources */,
				C0FF635C2181AC0900D322A1 /* CXAdaptHeightTwoViewController.m in Sources */,
				C0A3BF6F2155219400C4C6AF /* CXBaseCellViewController.m in Sources */,
				C0CF259321BE08F200ED2154 /* UICollectionView+Animated.m in Sources */,
				C0D0AC6121BA1BA4007C47C1 /* MASConstraint.m in Sources */,
				C0A49F2421B9188700E57897 /* CXCardListCell.m in Sources */,
				C06C620C215A3910006AAD91 /* CXMenuCell.m in Sources */,
				C06C6205215A2F76006AAD91 /* CXMenuItemModel.m in Sources */,
				C0D0AC6321BA1BA4007C47C1 /* MASViewAttribute.m in Sources */,
				C0A3BF59215513A700C4C6AF /* AppDelegate.m in Sources */,
				C06C6208215A2F95006AAD91 /* CXMenuCellModel.m in Sources */,
				C0190168215630B900F47F09 /* CXShowAnimationViewController.m in Sources */,
				C0D0AC5A21BA1BA4007C47C1 /* NSLayoutConstraint+MASDebugAdditions.m in Sources */,
				C06C61FE215A2C83006AAD91 /* CXMenuCellViewController.m in Sources */,
				C0CF259C21BE12C500ED2154 /* CXLoadAnimationCell.m in Sources */,
				C0CF258E21BE08F200ED2154 /* TABMethod.m in Sources */,
				C0D0AC5D21BA1BA4007C47C1 /* MASConstraintMaker.m in Sources */,
				C019016221562FC900F47F09 /* CXTableViewAnimationsKit.m in Sources */,
				C0D0AC5C21BA1BA4007C47C1 /* MASCompositeConstraint.m in Sources */,
				C0A3BF72215521A700C4C6AF /* CXAnimationCellViewController.m in Sources */,
				C0CF259121BE08F200ED2154 /* TABViewAnimated.m in Sources */,
				C0FF63622181ACC600D322A1 /* CXOneCell.m in Sources */,
				C0FF636C2181AECF00D322A1 /* CXTwoCell.m in Sources */,
				C0FF636F2181AFB800D322A1 /* NSString+StringSize.m in Sources */,
				C0CF259821BE0B3200ED2154 /* CXLoadAnimationViewController.m in Sources */,
				C0CF259421BE08F200ED2154 /* UIView+TABLayerout.m in Sources */,
			);
			runOnlyForDeploymentPostprocessing = 0;
		};
/* End PBXSourcesBuildPhase section */

/* Begin PBXVariantGroup section */
		C0A3BF5D215513A700C4C6AF /* Main.storyboard */ = {
			isa = PBXVariantGroup;
			children = (
				C0A3BF5E215513A700C4C6AF /* Base */,
			);
			name = Main.storyboard;
			sourceTree = "<group>";
		};
		C0A3BF62215513A900C4C6AF /* LaunchScreen.storyboard */ = {
			isa = PBXVariantGroup;
			children = (
				C0A3BF63215513A900C4C6AF /* Base */,
			);
			name = LaunchScreen.storyboard;
			sourceTree = "<group>";
		};
/* End PBXVariantGroup section */

/* Begin XCBuildConfiguration section */
		C0A3BF68215513A900C4C6AF /* Debug */ = {
			isa = XCBuildConfiguration;
			buildSettings = {
				ALWAYS_SEARCH_USER_PATHS = NO;
				CLANG_ANALYZER_NONNULL = YES;
				CLANG_ANALYZER_NUMBER_OBJECT_CONVERSION = YES_AGGRESSIVE;
				CLANG_CXX_LANGUAGE_STANDARD = "gnu++14";
				CLANG_CXX_LIBRARY = "libc++";
				CLANG_ENABLE_MODULES = YES;
				CLANG_ENABLE_OBJC_ARC = YES;
				CLANG_ENABLE_OBJC_WEAK = YES;
				CLANG_WARN_BLOCK_CAPTURE_AUTORELEASING = YES;
				CLANG_WARN_BOOL_CONVERSION = YES;
				CLANG_WARN_COMMA = YES;
				CLANG_WARN_CONSTANT_CONVERSION = YES;
				CLANG_WARN_DEPRECATED_OBJC_IMPLEMENTATIONS = YES;
				CLANG_WARN_DIRECT_OBJC_ISA_USAGE = YES_ERROR;
				CLANG_WARN_DOCUMENTATION_COMMENTS = YES;
				CLANG_WARN_EMPTY_BODY = YES;
				CLANG_WARN_ENUM_CONVERSION = YES;
				CLANG_WARN_INFINITE_RECURSION = YES;
				CLANG_WARN_INT_CONVERSION = YES;
				CLANG_WARN_NON_LITERAL_NULL_CONVERSION = YES;
				CLANG_WARN_OBJC_IMPLICIT_RETAIN_SELF = YES;
				CLANG_WARN_OBJC_LITERAL_CONVERSION = YES;
				CLANG_WARN_OBJC_ROOT_CLASS = YES_ERROR;
				CLANG_WARN_RANGE_LOOP_ANALYSIS = YES;
				CLANG_WARN_STRICT_PROTOTYPES = YES;
				CLANG_WARN_SUSPICIOUS_MOVE = YES;
				CLANG_WARN_UNGUARDED_AVAILABILITY = YES_AGGRESSIVE;
				CLANG_WARN_UNREACHABLE_CODE = YES;
				CLANG_WARN__DUPLICATE_METHOD_MATCH = YES;
				CODE_SIGN_IDENTITY = "iPhone Developer";
				COPY_PHASE_STRIP = NO;
				DEBUG_INFORMATION_FORMAT = dwarf;
				ENABLE_STRICT_OBJC_MSGSEND = YES;
				ENABLE_TESTABILITY = YES;
				GCC_C_LANGUAGE_STANDARD = gnu11;
				GCC_DYNAMIC_NO_PIC = NO;
				GCC_NO_COMMON_BLOCKS = YES;
				GCC_OPTIMIZATION_LEVEL = 0;
				GCC_PREPROCESSOR_DEFINITIONS = (
					"DEBUG=1",
					"$(inherited)",
				);
				GCC_WARN_64_TO_32_BIT_CONVERSION = YES;
				GCC_WARN_ABOUT_RETURN_TYPE = YES_ERROR;
				GCC_WARN_UNDECLARED_SELECTOR = YES;
				GCC_WARN_UNINITIALIZED_AUTOS = YES_AGGRESSIVE;
				GCC_WARN_UNUSED_FUNCTION = YES;
				GCC_WARN_UNUSED_VARIABLE = YES;
				IPHONEOS_DEPLOYMENT_TARGET = 11.4;
				MTL_ENABLE_DEBUG_INFO = YES;
				ONLY_ACTIVE_ARCH = YES;
				SDKROOT = iphoneos;
			};
			name = Debug;
		};
		C0A3BF69215513A900C4C6AF /* Release */ = {
			isa = XCBuildConfiguration;
			buildSettings = {
				ALWAYS_SEARCH_USER_PATHS = NO;
				CLANG_ANALYZER_NONNULL = YES;
				CLANG_ANALYZER_NUMBER_OBJECT_CONVERSION = YES_AGGRESSIVE;
				CLANG_CXX_LANGUAGE_STANDARD = "gnu++14";
				CLANG_CXX_LIBRARY = "libc++";
				CLANG_ENABLE_MODULES = YES;
				CLANG_ENABLE_OBJC_ARC = YES;
				CLANG_ENABLE_OBJC_WEAK = YES;
				CLANG_WARN_BLOCK_CAPTURE_AUTORELEASING = YES;
				CLANG_WARN_BOOL_CONVERSION = YES;
				CLANG_WARN_COMMA = YES;
				CLANG_WARN_CONSTANT_CONVERSION = YES;
				CLANG_WARN_DEPRECATED_OBJC_IMPLEMENTATIONS = YES;
				CLANG_WARN_DIRECT_OBJC_ISA_USAGE = YES_ERROR;
				CLANG_WARN_DOCUMENTATION_COMMENTS = YES;
				CLANG_WARN_EMPTY_BODY = YES;
				CLANG_WARN_ENUM_CONVERSION = YES;
				CLANG_WARN_INFINITE_RECURSION = YES;
				CLANG_WARN_INT_CONVERSION = YES;
				CLANG_WARN_NON_LITERAL_NULL_CONVERSION = YES;
				CLANG_WARN_OBJC_IMPLICIT_RETAIN_SELF = YES;
				CLANG_WARN_OBJC_LITERAL_CONVERSION = YES;
				CLANG_WARN_OBJC_ROOT_CLASS = YES_ERROR;
				CLANG_WARN_RANGE_LOOP_ANALYSIS = YES;
				CLANG_WARN_STRICT_PROTOTYPES = YES;
				CLANG_WARN_SUSPICIOUS_MOVE = YES;
				CLANG_WARN_UNGUARDED_AVAILABILITY = YES_AGGRESSIVE;
				CLANG_WARN_UNREACHABLE_CODE = YES;
				CLANG_WARN__DUPLICATE_METHOD_MATCH = YES;
				CODE_SIGN_IDENTITY = "iPhone Developer";
				COPY_PHASE_STRIP = NO;
				DEBUG_INFORMATION_FORMAT = "dwarf-with-dsym";
				ENABLE_NS_ASSERTIONS = NO;
				ENABLE_STRICT_OBJC_MSGSEND = YES;
				GCC_C_LANGUAGE_STANDARD = gnu11;
				GCC_NO_COMMON_BLOCKS = YES;
				GCC_WARN_64_TO_32_BIT_CONVERSION = YES;
				GCC_WARN_ABOUT_RETURN_TYPE = YES_ERROR;
				GCC_WARN_UNDECLARED_SELECTOR = YES;
				GCC_WARN_UNINITIALIZED_AUTOS = YES_AGGRESSIVE;
				GCC_WARN_UNUSED_FUNCTION = YES;
				GCC_WARN_UNUSED_VARIABLE = YES;
				IPHONEOS_DEPLOYMENT_TARGET = 11.4;
				MTL_ENABLE_DEBUG_INFO = NO;
				SDKROOT = iphoneos;
				VALIDATE_PRODUCT = YES;
			};
			name = Release;
		};
		C0A3BF6B215513A900C4C6AF /* Debug */ = {
			isa = XCBuildConfiguration;
			buildSettings = {
				ASSETCATALOG_COMPILER_APPICON_NAME = AppIcon;
				CODE_SIGN_STYLE = Automatic;
				DEVELOPMENT_TEAM = 3RTPA62VT2;
				INFOPLIST_FILE = CXTableView/Info.plist;
				LD_RUNPATH_SEARCH_PATHS = (
					"$(inherited)",
					"@executable_path/Frameworks",
				);
				PRODUCT_BUNDLE_IDENTIFIER = chenXiaoHui.CXTableView;
				PRODUCT_NAME = "$(TARGET_NAME)";
				TARGETED_DEVICE_FAMILY = "1,2";
			};
			name = Debug;
		};
		C0A3BF6C215513A900C4C6AF /* Release */ = {
			isa = XCBuildConfiguration;
			buildSettings = {
				ASSETCATALOG_COMPILER_APPICON_NAME = AppIcon;
				CODE_SIGN_STYLE = Automatic;
				DEVELOPMENT_TEAM = 3RTPA62VT2;
				INFOPLIST_FILE = CXTableView/Info.plist;
				LD_RUNPATH_SEARCH_PATHS = (
					"$(inherited)",
					"@executable_path/Frameworks",
				);
				PRODUCT_BUNDLE_IDENTIFIER = chenXiaoHui.CXTableView;
				PRODUCT_NAME = "$(TARGET_NAME)";
				TARGETED_DEVICE_FAMILY = "1,2";
			};
			name = Release;
		};
/* End XCBuildConfiguration section */

/* Begin XCConfigurationList section */
		C0A3BF4F215513A700C4C6AF /* Build configuration list for PBXProject "CXTableView" */ = {
			isa = XCConfigurationList;
			buildConfigurations = (
				C0A3BF68215513A900C4C6AF /* Debug */,
				C0A3BF69215513A900C4C6AF /* Release */,
			);
			defaultConfigurationIsVisible = 0;
			defaultConfigurationName = Release;
		};
		C0A3BF6A215513A900C4C6AF /* Build configuration list for PBXNativeTarget "CXTableView" */ = {
			isa = XCConfigurationList;
			buildConfigurations = (
				C0A3BF6B215513A900C4C6AF /* Debug */,
				C0A3BF6C215513A900C4C6AF /* Release */,
			);
			defaultConfigurationIsVisible = 0;
			defaultConfigurationName = Release;
		};
/* End XCConfigurationList section */
	};
	rootObject = C0A3BF4C215513A700C4C6AF /* Project object */;
}
